{
    "_meta": {
        "hash": {
            "sha256": "c4995ec83fa34ee7b1c5f2126f098fe778ff011ca4663aa6bc14ecdc65f7cb07"
        },
        "pipfile-spec": 6,
        "requires": {
            "python_version": "3.12"
        },
        "sources": [
            {
                "name": "pypi",
                "url": "https://pypi.org/simple",
                "verify_ssl": true
            }
        ]
    },
    "default": {
        "pypdf": {
            "hashes": [
                "sha256:64b31da97eda0771ef22edb1bfecd5deee4b72c3d1736b7df2689805076d6418",
                "sha256:b2f37fe9a3030aa97ca86067a56ba3f9d3565f9a791b305c7355d8392c30d91b"
            ],
            "index": "pypi",
            "markers": "python_version >= '3.6'",
            "version": "==4.3.1"
        }
    },
    "develop": {}
}
